// !$*UTF8*$!
{
	archiveVersion = 1;
	classes = {
	};
	objectVersion = 56;
	objects = {

/* Begin PBXBuildFile section */
		CF0438382AAF545200C8CD83 /* Theme.swift in Sources */ = {isa = PBXBuildFile; fileRef = CF0438372AAF545200C8CD83 /* Theme.swift */; };
		CF04383A2AAF552D00C8CD83 /* DailyScrum.swift in Sources */ = {isa = PBXBuildFile; fileRef = CF0438392AAF552D00C8CD83 /* DailyScrum.swift */; };
		CF04383C2AAF565700C8CD83 /* CardView.swift in Sources */ = {isa = PBXBuildFile; fileRef = CF04383B2AAF565700C8CD83 /* CardView.swift */; };
		CF04383E2AAF5BAA00C8CD83 /* TrailingIconLabelStyle.swift in Sources */ = {isa = PBXBuildFile; fileRef = CF04383D2AAF5BAA00C8CD83 /* TrailingIconLabelStyle.swift */; };
		CF0438402AAF5EAF00C8CD83 /* ScrumsView.swift in Sources */ = {isa = PBXBuildFile; fileRef = CF04383F2AAF5EAF00C8CD83 /* ScrumsView.swift */; };
		CF0438422AAF77C900C8CD83 /* DetailView.swift in Sources */ = {isa = PBXBuildFile; fileRef = CF0438412AAF77C900C8CD83 /* DetailView.swift */; };
		CF0438442AAF826700C8CD83 /* DetailEditView.swift in Sources */ = {isa = PBXBuildFile; fileRef = CF0438432AAF826700C8CD83 /* DetailEditView.swift */; };
		CF0441EA2A9E690500319C4E /* ScrumDingerApp.swift in Sources */ = {isa = PBXBuildFile; fileRef = CF0441E92A9E690500319C4E /* ScrumDingerApp.swift */; };
		CF0441EC2A9E690500319C4E /* MeetingView.swift in Sources */ = {isa = PBXBuildFile; fileRef = CF0441EB2A9E690500319C4E /* MeetingView.swift */; };
		CF0441EE2A9E690600319C4E /* Assets.xcassets in Resources */ = {isa = PBXBuildFile; fileRef = CF0441ED2A9E690600319C4E /* Assets.xcassets */; };
		CF0441F12A9E690600319C4E /* Preview Assets.xcassets in Resources */ = {isa = PBXBuildFile; fileRef = CF0441F02A9E690600319C4E /* Preview Assets.xcassets */; };
		CF0441F32A9E690600319C4E /* Persistence.swift in Sources */ = {isa = PBXBuildFile; fileRef = CF0441F22A9E690600319C4E /* Persistence.swift */; };
		CF0441F62A9E690600319C4E /* ScrumDinger.xcdatamodeld in Sources */ = {isa = PBXBuildFile; fileRef = CF0441F42A9E690600319C4E /* ScrumDinger.xcdatamodeld */; };
		CFF99E592ABB2DCF004C76F0 /* ThemeView.swift in Sources */ = {isa = PBXBuildFile; fileRef = CFF99E582ABB2DCF004C76F0 /* ThemeView.swift */; };
		CFF99E5D2ABB45D6004C76F0 /* ThemePicker.swift in Sources */ = {isa = PBXBuildFile; fileRef = CFF99E5C2ABB45D6004C76F0 /* ThemePicker.swift */; };
/* End PBXBuildFile section */

/* Begin PBXFileReference section */
		CF0438372AAF545200C8CD83 /* Theme.swift */ = {isa = PBXFileReference; lastKnownFileType = sourcecode.swift; path = Theme.swift; sourceTree = "<group>"; };
		CF0438392AAF552D00C8CD83 /* DailyScrum.swift */ = {isa = PBXFileReference; lastKnownFileType = sourcecode.swift; path = DailyScrum.swift; sourceTree = "<group>"; };
		CF04383B2AAF565700C8CD83 /* CardView.swift */ = {isa = PBXFileReference; lastKnownFileType = sourcecode.swift; path = CardView.swift; sourceTree = "<group>"; };
		CF04383D2AAF5BAA00C8CD83 /* TrailingIconLabelStyle.swift */ = {isa = PBXFileReference; lastKnownFileType = sourcecode.swift; path = TrailingIconLabelStyle.swift; sourceTree = "<group>"; };
		CF04383F2AAF5EAF00C8CD83 /* ScrumsView.swift */ = {isa = PBXFileReference; lastKnownFileType = sourcecode.swift; path = ScrumsView.swift; sourceTree = "<group>"; };
		CF0438412AAF77C900C8CD83 /* DetailView.swift */ = {isa = PBXFileReference; lastKnownFileType = sourcecode.swift; path = DetailView.swift; sourceTree = "<group>"; };
		CF0438432AAF826700C8CD83 /* DetailEditView.swift */ = {isa = PBXFileReference; lastKnownFileType = sourcecode.swift; path = DetailEditView.swift; sourceTree = "<group>"; };
		CF0441E62A9E690500319C4E /* ScrumDinger.app */ = {isa = PBXFileReference; explicitFileType = wrapper.application; includeInIndex = 0; path = ScrumDinger.app; sourceTree = BUILT_PRODUCTS_DIR; };
		CF0441E92A9E690500319C4E /* ScrumDingerApp.swift */ = {isa = PBXFileReference; lastKnownFileType = sourcecode.swift; path = ScrumDingerApp.swift; sourceTree = "<group>"; };
		CF0441EB2A9E690500319C4E /* MeetingView.swift */ = {isa = PBXFileReference; lastKnownFileType = sourcecode.swift; path = MeetingView.swift; sourceTree = "<group>"; };
		CF0441ED2A9E690600319C4E /* Assets.xcassets */ = {isa = PBXFileReference; lastKnownFileType = folder.assetcatalog; path = Assets.xcassets; sourceTree = "<group>"; };
		CF0441F02A9E690600319C4E /* Preview Assets.xcassets */ = {isa = PBXFileReference; lastKnownFileType = folder.assetcatalog; path = "Preview Assets.xcassets"; sourceTree = "<group>"; };
		CF0441F22A9E690600319C4E /* Persistence.swift */ = {isa = PBXFileReference; lastKnownFileType = sourcecode.swift; path = Persistence.swift; sourceTree = "<group>"; };
		CF0441F52A9E690600319C4E /* ScrumDinger.xcdatamodel */ = {isa = PBXFileReference; lastKnownFileType = wrapper.xcdatamodel; path = ScrumDinger.xcdatamodel; sourceTree = "<group>"; };
		CFF99E582ABB2DCF004C76F0 /* ThemeView.swift */ = {isa = PBXFileReference; lastKnownFileType = sourcecode.swift; path = ThemeView.swift; sourceTree = "<group>"; };
		CFF99E5C2ABB45D6004C76F0 /* ThemePicker.swift */ = {isa = PBXFileReference; lastKnownFileType = sourcecode.swift; path = ThemePicker.swift; sourceTree = "<group>"; };
/* End PBXFileReference section */

/* Begin PBXFrameworksBuildPhase section */
		CF0441E32A9E690500319C4E /* Frameworks */ = {
			isa = PBXFrameworksBuildPhase;
			buildActionMask = 2147483647;
			files = (
			);
			runOnlyForDeploymentPostprocessing = 0;
		};
/* End PBXFrameworksBuildPhase section */

/* Begin PBXGroup section */
		CF0438362AAF543F00C8CD83 /* Models */ = {
			isa = PBXGroup;
			children = (
				CF0438372AAF545200C8CD83 /* Theme.swift */,
				CF0438392AAF552D00C8CD83 /* DailyScrum.swift */,
				CF04383B2AAF565700C8CD83 /* CardView.swift */,
				CF04383D2AAF5BAA00C8CD83 /* TrailingIconLabelStyle.swift */,
				CF0438432AAF826700C8CD83 /* DetailEditView.swift */,
			);
			path = Models;
			sourceTree = "<group>";
		};
		CF0441DD2A9E690500319C4E = {
			isa = PBXGroup;
			children = (
				CF0441E82A9E690500319C4E /* ScrumDinger */,
				CF0441E72A9E690500319C4E /* Products */,
			);
			sourceTree = "<group>";
		};
		CF0441E72A9E690500319C4E /* Products */ = {
			isa = PBXGroup;
			children = (
				CF0441E62A9E690500319C4E /* ScrumDinger.app */,
			);
			name = Products;
			sourceTree = "<group>";
		};
		CF0441E82A9E690500319C4E /* ScrumDinger */ = {
			isa = PBXGroup;
			children = (
				CFF99E572ABB2D88004C76F0 /* Views */,
				CF0438362AAF543F00C8CD83 /* Models */,
				CF0441E92A9E690500319C4E /* ScrumDingerApp.swift */,
				CF04383F2AAF5EAF00C8CD83 /* ScrumsView.swift */,
				CF0438412AAF77C900C8CD83 /* DetailView.swift */,
				CF0441EB2A9E690500319C4E /* MeetingView.swift */,
				CF0441ED2A9E690600319C4E /* Assets.xcassets */,
				CF0441F22A9E690600319C4E /* Persistence.swift */,
				CF0441F42A9E690600319C4E /* ScrumDinger.xcdatamodeld */,
				CF0441EF2A9E690600319C4E /* Preview Content */,
			);
			path = ScrumDinger;
			sourceTree = "<group>";
		};
		CF0441EF2A9E690600319C4E /* Preview Content */ = {
			isa = PBXGroup;
			children = (
				CF0441F02A9E690600319C4E /* Preview Assets.xcassets */,
			);
			path = "Preview Content";
			sourceTree = "<group>";
		};
		CFF99E572ABB2D88004C76F0 /* Views */ = {
			isa = PBXGroup;
			children = (
				CFF99E582ABB2DCF004C76F0 /* ThemeView.swift */,
				CFF99E5C2ABB45D6004C76F0 /* ThemePicker.swift */,
			);
			path = Views;
			sourceTree = "<group>";
		};
/* End PBXGroup section */

/* Begin PBXNativeTarget section */
		CF0441E52A9E690500319C4E /* ScrumDinger */ = {
			isa = PBXNativeTarget;
			buildConfigurationList = CF0441F92A9E690600319C4E /* Build configuration list for PBXNativeTarget "ScrumDinger" */;
			buildPhases = (
				CF0441E22A9E690500319C4E /* Sources */,
				CF0441E32A9E690500319C4E /* Frameworks */,
				CF0441E42A9E690500319C4E /* Resources */,
			);
			buildRules = (
			);
			dependencies = (
			);
			name = ScrumDinger;
			productName = ScrumDinger;
			productReference = CF0441E62A9E690500319C4E /* ScrumDinger.app */;
			productType = "com.apple.product-type.application";
		};
/* End PBXNativeTarget section */

/* Begin PBXProject section */
		CF0441DE2A9E690500319C4E /* Project object */ = {
			isa = PBXProject;
			attributes = {
				BuildIndependentTargetsInParallel = 1;
				LastSwiftUpdateCheck = 1400;
				LastUpgradeCheck = 1500;
				TargetAttributes = {
					CF0441E52A9E690500319C4E = {
						CreatedOnToolsVersion = 14.0.1;
					};
				};
			};
			buildConfigurationList = CF0441E12A9E690500319C4E /* Build configuration list for PBXProject "ScrumDinger" */;
			compatibilityVersion = "Xcode 14.0";
			developmentRegion = en;
			hasScannedForEncodings = 0;
			knownRegions = (
				en,
				Base,
			);
			mainGroup = CF0441DD2A9E690500319C4E;
			productRefGroup = CF0441E72A9E690500319C4E /* Products */;
			projectDirPath = "";
			projectRoot = "";
			targets = (
				CF0441E52A9E690500319C4E /* ScrumDinger */,
			);
		};
/* End PBXProject section */

/* Begin PBXResourcesBuildPhase section */
		CF0441E42A9E690500319C4E /* Resources */ = {
			isa = PBXResourcesBuildPhase;
			buildActionMask = 2147483647;
			files = (
				CF0441F12A9E690600319C4E /* Preview Assets.xcassets in Resources */,
				CF0441EE2A9E690600319C4E /* Assets.xcassets in Resources */,
			);
			runOnlyForDeploymentPostprocessing = 0;
		};
/* End PBXResourcesBuildPhase section */

/* Begin PBXSourcesBuildPhase section */
		CF0441E22A9E690500319C4E /* Sources */ = {
			isa = PBXSourcesBuildPhase;
			buildActionMask = 2147483647;
			files = (
				CF04383C2AAF565700C8CD83 /* CardView.swift in Sources */,
				CF0441F32A9E690600319C4E /* Persistence.swift in Sources */,
				CF0441EC2A9E690500319C4E /* MeetingView.swift in Sources */,
				CF0438422AAF77C900C8CD83 /* DetailView.swift in Sources */,
				CFF99E592ABB2DCF004C76F0 /* ThemeView.swift in Sources */,
				CF04383E2AAF5BAA00C8CD83 /* TrailingIconLabelStyle.swift in Sources */,
				CF0438382AAF545200C8CD83 /* Theme.swift in Sources */,
				CF0438402AAF5EAF00C8CD83 /* ScrumsView.swift in Sources */,
				CF0441EA2A9E690500319C4E /* ScrumDingerApp.swift in Sources */,
				CF0438442AAF826700C8CD83 /* DetailEditView.swift in Sources */,
				CFF99E5D2ABB45D6004C76F0 /* ThemePicker.swift in Sources */,
				CF04383A2AAF552D00C8CD83 /* DailyScrum.swift in Sources */,
				CF0441F62A9E690600319C4E /* ScrumDinger.xcdatamodeld in Sources */,
			);
			runOnlyForDeploymentPostprocessing = 0;
		};
/* End PBXSourcesBuildPhase section */

/* Begin XCBuildConfiguration section */
		CF0441F72A9E690600319C4E /* Debug */ = {
			isa = XCBuildConfiguration;
			buildSettings = {
				ALWAYS_SEARCH_USER_PATHS = NO;
				CLANG_ANALYZER_NONNULL = YES;
				CLANG_ANALYZER_NUMBER_OBJECT_CONVERSION = YES_AGGRESSIVE;
				CLANG_CXX_LANGUAGE_STANDARD = "gnu++20";
				CLANG_ENABLE_MODULES = YES;
				CLANG_ENABLE_OBJC_ARC = YES;
				CLANG_ENABLE_OBJC_WEAK = YES;
				CLANG_WARN_BLOCK_CAPTURE_AUTORELEASING = YES;
				CLANG_WARN_BOOL_CONVERSION = YES;
				CLANG_WARN_COMMA = YES;
				CLANG_WARN_CONSTANT_CONVERSION = YES;
				CLANG_WARN_DEPRECATED_OBJC_IMPLEMENTATIONS = YES;
				CLANG_WARN_DIRECT_OBJC_ISA_USAGE = YES_ERROR;
				CLANG_WARN_DOCUMENTATION_COMMENTS = YES;
				CLANG_WARN_EMPTY_BODY = YES;
				CLANG_WARN_ENUM_CONVERSION = YES;
				CLANG_WARN_INFINITE_RECURSION = YES;
				CLANG_WARN_INT_CONVERSION = YES;
				CLANG_WARN_NON_LITERAL_NULL_CONVERSION = YES;
				CLANG_WARN_OBJC_IMPLICIT_RETAIN_SELF = YES;
				CLANG_WARN_OBJC_LITERAL_CONVERSION = YES;
				CLANG_WARN_OBJC_ROOT_CLASS = YES_ERROR;
				CLANG_WARN_QUOTED_INCLUDE_IN_FRAMEWORK_HEADER = YES;
				CLANG_WARN_RANGE_LOOP_ANALYSIS = YES;
				CLANG_WARN_STRICT_PROTOTYPES = YES;
				CLANG_WARN_SUSPICIOUS_MOVE = YES;
				CLANG_WARN_UNGUARDED_AVAILABILITY = YES_AGGRESSIVE;
				CLANG_WARN_UNREACHABLE_CODE = YES;
				CLANG_WARN__DUPLICATE_METHOD_MATCH = YES;
				COPY_PHASE_STRIP = NO;
				DEBUG_INFORMATION_FORMAT = dwarf;
				ENABLE_STRICT_OBJC_MSGSEND = YES;
				ENABLE_TESTABILITY = YES;
				ENABLE_USER_SCRIPT_SANDBOXING = YES;
				GCC_C_LANGUAGE_STANDARD = gnu11;
				GCC_DYNAMIC_NO_PIC = NO;
				GCC_NO_COMMON_BLOCKS = YES;
				GCC_OPTIMIZATION_LEVEL = 0;
				GCC_PREPROCESSOR_DEFINITIONS = (
					"DEBUG=1",
					"$(inherited)",
				);
				GCC_WARN_64_TO_32_BIT_CONVERSION = YES;
				GCC_WARN_ABOUT_RETURN_TYPE = YES_ERROR;
				GCC_WARN_UNDECLARED_SELECTOR = YES;
				GCC_WARN_UNINITIALIZED_AUTOS = YES_AGGRESSIVE;
				GCC_WARN_UNUSED_FUNCTION = YES;
				GCC_WARN_UNUSED_VARIABLE = YES;
				IPHONEOS_DEPLOYMENT_TARGET = 16.0;
				MTL_ENABLE_DEBUG_INFO = INCLUDE_SOURCE;
				MTL_FAST_MATH = YES;
				ONLY_ACTIVE_ARCH = YES;
				SDKROOT = iphoneos;
				SWIFT_ACTIVE_COMPILATION_CONDITIONS = DEBUG;
				SWIFT_OPTIMIZATION_LEVEL = "-Onone";
			};
			name = Debug;
		};
		CF0441F82A9E690600319C4E /* Release */ = {
			isa = XCBuildConfiguration;
			buildSettings = {
				ALWAYS_SEARCH_USER_PATHS = NO;
				CLANG_ANALYZER_NONNULL = YES;
				CLANG_ANALYZER_NUMBER_OBJECT_CONVERSION = YES_AGGRESSIVE;
				CLANG_CXX_LANGUAGE_STANDARD = "gnu++20";
				CLANG_ENABLE_MODULES = YES;
				CLANG_ENABLE_OBJC_ARC = YES;
				CLANG_ENABLE_OBJC_WEAK = YES;
				CLANG_WARN_BLOCK_CAPTURE_AUTORELEASING = YES;
				CLANG_WARN_BOOL_CONVERSION = YES;
				CLANG_WARN_COMMA = YES;
				CLANG_WARN_CONSTANT_CONVERSION = YES;
				CLANG_WARN_DEPRECATED_OBJC_IMPLEMENTATIONS = YES;
				CLANG_WARN_DIRECT_OBJC_ISA_USAGE = YES_ERROR;
				CLANG_WARN_DOCUMENTATION_COMMENTS = YES;
				CLANG_WARN_EMPTY_BODY = YES;
				CLANG_WARN_ENUM_CONVERSION = YES;
				CLANG_WARN_INFINITE_RECURSION = YES;
				CLANG_WARN_INT_CONVERSION = YES;
				CLANG_WARN_NON_LITERAL_NULL_CONVERSION = YES;
				CLANG_WARN_OBJC_IMPLICIT_RETAIN_SELF = YES;
				CLANG_WARN_OBJC_LITERAL_CONVERSION = YES;
				CLANG_WARN_OBJC_ROOT_CLASS = YES_ERROR;
				CLANG_WARN_QUOTED_INCLUDE_IN_FRAMEWORK_HEADER = YES;
				CLANG_WARN_RANGE_LOOP_ANALYSIS = YES;
				CLANG_WARN_STRICT_PROTOTYPES = YES;
				CLANG_WARN_SUSPICIOUS_MOVE = YES;
				CLANG_WARN_UNGUARDED_AVAILABILITY = YES_AGGRESSIVE;
				CLANG_WARN_UNREACHABLE_CODE = YES;
				CLANG_WARN__DUPLICATE_METHOD_MATCH = YES;
				COPY_PHASE_STRIP = NO;
				DEBUG_INFORMATION_FORMAT = "dwarf-with-dsym";
				ENABLE_NS_ASSERTIONS = NO;
				ENABLE_STRICT_OBJC_MSGSEND = YES;
				ENABLE_USER_SCRIPT_SANDBOXING = YES;
				GCC_C_LANGUAGE_STANDARD = gnu11;
				GCC_NO_COMMON_BLOCKS = YES;
				GCC_WARN_64_TO_32_BIT_CONVERSION = YES;
				GCC_WARN_ABOUT_RETURN_TYPE = YES_ERROR;
				GCC_WARN_UNDECLARED_SELECTOR = YES;
				GCC_WARN_UNINITIALIZED_AUTOS = YES_AGGRESSIVE;
				GCC_WARN_UNUSED_FUNCTION = YES;
				GCC_WARN_UNUSED_VARIABLE = YES;
				IPHONEOS_DEPLOYMENT_TARGET = 16.0;
				MTL_ENABLE_DEBUG_INFO = NO;
				MTL_FAST_MATH = YES;
				SDKROOT = iphoneos;
				SWIFT_COMPILATION_MODE = wholemodule;
				SWIFT_OPTIMIZATION_LEVEL = "-O";
				VALIDATE_PRODUCT = YES;
			};
			name = Release;
		};
		CF0441FA2A9E690600319C4E /* Debug */ = {
			isa = XCBuildConfiguration;
			buildSettings = {
				ASSETCATALOG_COMPILER_APPICON_NAME = AppIcon;
				ASSETCATALOG_COMPILER_GLOBAL_ACCENT_COLOR_NAME = AccentColor;
				CODE_SIGN_STYLE = Automatic;
				CURRENT_PROJECT_VERSION = 1;
				DEVELOPMENT_ASSET_PATHS = "\"ScrumDinger/Preview Content\"";
				DEVELOPMENT_TEAM = 9P6J457HZN;
				ENABLE_PREVIEWS = YES;
				GENERATE_INFOPLIST_FILE = YES;
				INFOPLIST_KEY_UIApplicationSceneManifest_Generation = YES;
				INFOPLIST_KEY_UIApplicationSupportsIndirectInputEvents = YES;
				INFOPLIST_KEY_UILaunchScreen_Generation = YES;
				INFOPLIST_KEY_UISupportedInterfaceOrientations_iPad = "UIInterfaceOrientationPortrait UIInterfaceOrientationPortraitUpsideDown UIInterfaceOrientationLandscapeLeft UIInterfaceOrientationLandscapeRight";
				INFOPLIST_KEY_UISupportedInterfaceOrientations_iPhone = "UIInterfaceOrientationPortrait UIInterfaceOrientationLandscapeLeft UIInterfaceOrientationLandscapeRight";
				LD_RUNPATH_SEARCH_PATHS = (
					"$(inherited)",
					"@executable_path/Frameworks",
				);
				MARKETING_VERSION = 1.0;
				PRODUCT_BUNDLE_IDENTIFIER = com.eigen.ScrumDinger;
				PRODUCT_NAME = "$(TARGET_NAME)";
				SWIFT_EMIT_LOC_STRINGS = YES;
				SWIFT_VERSION = 5.0;
				TARGETED_DEVICE_FAMILY = "1,2";
			};
			name = Debug;
		};
		CF0441FB2A9E690600319C4E /* Release */ = {
			isa = XCBuildConfiguration;
			buildSettings = {
				ASSETCATALOG_COMPILER_APPICON_NAME = AppIcon;
				ASSETCATALOG_COMPILER_GLOBAL_ACCENT_COLOR_NAME = AccentColor;
				CODE_SIGN_STYLE = Automatic;
				CURRENT_PROJECT_VERSION = 1;
				DEVELOPMENT_ASSET_PATHS = "\"ScrumDinger/Preview Content\"";
				DEVELOPMENT_TEAM = 9P6J457HZN;
				ENABLE_PREVIEWS = YES;
				GENERATE_INFOPLIST_FILE = YES;
				INFOPLIST_KEY_UIApplicationSceneManifest_Generation = YES;
				INFOPLIST_KEY_UIApplicationSupportsIndirectInputEvents = YES;
				INFOPLIST_KEY_UILaunchScreen_Generation = YES;
				INFOPLIST_KEY_UISupportedInterfaceOrientations_iPad = "UIInterfaceOrientationPortrait UIInterfaceOrientationPortraitUpsideDown UIInterfaceOrientationLandscapeLeft UIInterfaceOrientationLandscapeRight";
				INFOPLIST_KEY_UISupportedInterfaceOrientations_iPhone = "UIInterfaceOrientationPortrait UIInterfaceOrientationLandscapeLeft UIInterfaceOrientationLandscapeRight";
				LD_RUNPATH_SEARCH_PATHS = (
					"$(inherited)",
					"@executable_path/Frameworks",
				);
				MARKETING_VERSION = 1.0;
				PRODUCT_BUNDLE_IDENTIFIER = com.eigen.ScrumDinger;
				PRODUCT_NAME = "$(TARGET_NAME)";
				SWIFT_EMIT_LOC_STRINGS = YES;
				SWIFT_VERSION = 5.0;
				TARGETED_DEVICE_FAMILY = "1,2";
			};
			name = Release;
		};
/* End XCBuildConfiguration section */

/* Begin XCConfigurationList section */
		CF0441E12A9E690500319C4E /* Build configuration list for PBXProject "ScrumDinger" */ = {
			isa = XCConfigurationList;
			buildConfigurations = (
				CF0441F72A9E690600319C4E /* Debug */,
				CF0441F82A9E690600319C4E /* Release */,
			);
			defaultConfigurationIsVisible = 0;
			defaultConfigurationName = Release;
		};
		CF0441F92A9E690600319C4E /* Build configuration list for PBXNativeTarget "ScrumDinger" */ = {
			isa = XCConfigurationList;
			buildConfigurations = (
				CF0441FA2A9E690600319C4E /* Debug */,
				CF0441FB2A9E690600319C4E /* Release */,
			);
			defaultConfigurationIsVisible = 0;
			defaultConfigurationName = Release;
		};
/* End XCConfigurationList section */

/* Begin XCVersionGroup section */
		CF0441F42A9E690600319C4E /* ScrumDinger.xcdatamodeld */ = {
			isa = XCVersionGroup;
			children = (
				CF0441F52A9E690600319C4E /* ScrumDinger.xcdatamodel */,
			);
			currentVersion = CF0441F52A9E690600319C4E /* ScrumDinger.xcdatamodel */;
			path = ScrumDinger.xcdatamodeld;
			sourceTree = "<group>";
			versionGroupType = wrapper.xcdatamodel;
		};
/* End XCVersionGroup section */
	};
	rootObject = CF0441DE2A9E690500319C4E /* Project object */;
}
